
Microsoft Visual Studio Solution File, Format Version 11.00
# Visual Studio 2010
Project("{FAE04EC0-301F-11D3-BF4B-00C04F79EFBC}") = "BinaryFinery.IOC.Runtime", "BinaryFinery.IOC.Runtime\BinaryFinery.IOC.Runtime.csproj", "{0E897B72-8C69-4054-8714-E1AD8BCE9BE2}"
EndProject
Project("{FAE04EC0-301F-11D3-BF4B-00C04F79EFBC}") = "BinaryFinery.IOC.UnitTests", "BinaryFinery.IOC.UnitTests\BinaryFinery.IOC.UnitTests.csproj", "{12E9F86E-2C13-4902-9163-2C1F54970646}"
EndProject
Project("{2150E333-8FDC-42A3-9474-1A3956D46DE8}") = "Stuff", "Stuff", "{8ECDAD2A-B59D-4F44-9D7D-2D601073C575}"
	ProjectSection(SolutionItems) = preProject
		LICENSE.txt = LICENSE.txt
		README.mdown = README.mdown
	EndProjectSection
EndProject
Project("{FAE04EC0-301F-11D3-BF4B-00C04F79EFBC}") = "BinaryFinery.IOC.Attributes", "BinaryFinery.IOC.Attributes\BinaryFinery.IOC.Attributes.csproj", "{C5CCBCA7-E91E-4F00-8263-BED900BE5EB6}"
EndProject
Global
	GlobalSection(SolutionConfigurationPlatforms) = preSolution
		Debug|Any CPU = Debug|Any CPU
		Debug|Mixed Platforms = Debug|Mixed Platforms
		Debug|x86 = Debug|x86
		Release|Any CPU = Release|Any CPU
		Release|Mixed Platforms = Release|Mixed Platforms
		Release|x86 = Release|x86
	EndGlobalSection
	GlobalSection(ProjectConfigurationPlatforms) = postSolution
		{0E897B72-8C69-4054-8714-E1AD8BCE9BE2}.Debug|Any CPU.ActiveCfg = Debug|Any CPU
		{0E897B72-8C69-4054-8714-E1AD8BCE9BE2}.Debug|Any CPU.Build.0 = Debug|Any CPU
		{0E897B72-8C69-4054-8714-E1AD8BCE9BE2}.Debug|Mixed Platforms.ActiveCfg = Debug|Any CPU
		{0E897B72-8C69-4054-8714-E1AD8BCE9BE2}.Debug|Mixed Platforms.Build.0 = Debug|Any CPU
		{0E897B72-8C69-4054-8714-E1AD8BCE9BE2}.Debug|x86.ActiveCfg = Debug|Any CPU
		{0E897B72-8C69-4054-8714-E1AD8BCE9BE2}.Release|Any CPU.ActiveCfg = Release|Any CPU
		{0E897B72-8C69-4054-8714-E1AD8BCE9BE2}.Release|Any CPU.Build.0 = Release|Any CPU
		{0E897B72-8C69-4054-8714-E1AD8BCE9BE2}.Release|Mixed Platforms.ActiveCfg = Release|Any CPU
		{0E897B72-8C69-4054-8714-E1AD8BCE9BE2}.Release|Mixed Platforms.Build.0 = Release|Any CPU
		{0E897B72-8C69-4054-8714-E1AD8BCE9BE2}.Release|x86.ActiveCfg = Release|Any CPU
		{12E9F86E-2C13-4902-9163-2C1F54970646}.Debug|Any CPU.ActiveCfg = Debug|Any CPU
		{12E9F86E-2C13-4902-9163-2C1F54970646}.Debug|Any CPU.Build.0 = Debug|Any CPU
		{12E9F86E-2C13-4902-9163-2C1F54970646}.Debug|Mixed Platforms.ActiveCfg = Debug|Any CPU
		{12E9F86E-2C13-4902-9163-2C1F54970646}.Debug|Mixed Platforms.Build.0 = Debug|Any CPU
		{12E9F86E-2C13-4902-9163-2C1F54970646}.Debug|x86.ActiveCfg = Debug|Any CPU
		{12E9F86E-2C13-4902-9163-2C1F54970646}.Release|Any CPU.ActiveCfg = Release|Any CPU
		{12E9F86E-2C13-4902-9163-2C1F54970646}.Release|Any CPU.Build.0 = Release|Any CPU
		{12E9F86E-2C13-4902-9163-2C1F54970646}.Release|Mixed Platforms.ActiveCfg = Release|Any CPU
		{12E9F86E-2C13-4902-9163-2C1F54970646}.Release|Mixed Platforms.Build.0 = Release|Any CPU
		{12E9F86E-2C13-4902-9163-2C1F54970646}.Release|x86.ActiveCfg = Release|Any CPU
		{C5CCBCA7-E91E-4F00-8263-BED900BE5EB6}.Debug|Any CPU.ActiveCfg = Debug|Any CPU
		{C5CCBCA7-E91E-4F00-8263-BED900BE5EB6}.Debug|Any CPU.Build.0 = Debug|Any CPU
		{C5CCBCA7-E91E-4F00-8263-BED900BE5EB6}.Debug|Mixed Platforms.ActiveCfg = Debug|Any CPU
		{C5CCBCA7-E91E-4F00-8263-BED900BE5EB6}.Debug|Mixed Platforms.Build.0 = Debug|Any CPU
		{C5CCBCA7-E91E-4F00-8263-BED900BE5EB6}.Debug|x86.ActiveCfg = Debug|Any CPU
		{C5CCBCA7-E91E-4F00-8263-BED900BE5EB6}.Release|Any CPU.ActiveCfg = Release|Any CPU
		{C5CCBCA7-E91E-4F00-8263-BED900BE5EB6}.Release|Any CPU.Build.0 = Release|Any CPU
		{C5CCBCA7-E91E-4F00-8263-BED900BE5EB6}.Release|Mixed Platforms.ActiveCfg = Release|Any CPU
		{C5CCBCA7-E91E-4F00-8263-BED900BE5EB6}.Release|Mixed Platforms.Build.0 = Release|Any CPU
		{C5CCBCA7-E91E-4F00-8263-BED900BE5EB6}.Release|x86.ActiveCfg = Release|Any CPU
	EndGlobalSection
	GlobalSection(SolutionProperties) = preSolution
		HideSolutionNode = FALSE
	EndGlobalSection
EndGlobal
